
Microsoft Visual Studio Solution File, Format Version 12.00
# Visual Studio 15
VisualStudioVersion = 15.0.28307.539
MinimumVisualStudioVersion = 10.0.40219.1
Project("{FAE04EC0-301F-11D3-BF4B-00C04F79EFBC}") = "SmartwareWebsite.Web", "SmartwareWebsite.Web\SmartwareWebsite.Web.csproj", "{7B5FCA55-2B2E-4AEC-B27C-673493DF5824}"
EndProject
Global
	GlobalSection(SolutionConfigurationPlatforms) = preSolution
		Debug|Any CPU = Debug|Any CPU
		Release|Any CPU = Release|Any CPU
	EndGlobalSection
	GlobalSection(ProjectConfigurationPlatforms) = postSolution
		{7B5FCA55-2B2E-4AEC-B27C-673493DF5824}.Debug|Any CPU.ActiveCfg = Debug|Any CPU
		{7B5FCA55-2B2E-4AEC-B27C-673493DF5824}.Debug|Any CPU.Build.0 = Debug|Any CPU
		{7B5FCA55-2B2E-4AEC-B27C-673493DF5824}.Release|Any CPU.ActiveCfg = Release|Any CPU
		{7B5FCA55-2B2E-4AEC-B27C-673493DF5824}.Release|Any CPU.Build.0 = Release|Any CPU
	EndGlobalSection
	GlobalSection(SolutionProperties) = preSolution
		HideSolutionNode = FALSE
	EndGlobalSection
	GlobalSection(ExtensibilityGlobals) = postSolution
		SolutionGuid = {0893E83E-736C-4768-B664-9CD7E34A1F3E}
	EndGlobalSection
EndGlobal
